<?xml version="1.0" encoding="utf-8"?>
<Project ToolsVersion="4.0" xmlns="http://schemas.microsoft.com/developer/msbuild/2003">
  <ItemGroup>
    <Filter Include="源文件">
      <UniqueIdentifier>{4FC737F1-C7A5-4376-A066-2A32D752A2FF}</UniqueIdentifier>
      <Extensions>cpp;c;cc;cxx;def;odl;idl;hpj;bat;asm;asmx</Extensions>
    </Filter>
    <Filter Include="头文件">
      <UniqueIdentifier>{93995380-89BD-4b04-88EB-625FBE52EBFB}</UniqueIdentifier>
      <Extensions>h;hpp;hxx;hm;inl;inc;xsd</Extensions>
    </Filter>
    <Filter Include="资源文件">
      <UniqueIdentifier>{67DA6AB6-F800-4c08-8B7A-83BB121AAD01}</UniqueIdentifier>
      <Extensions>rc;ico;cur;bmp;dlg;rc2;rct;bin;rgs;gif;jpg;jpeg;jpe;resx;tiff;tif;png;wav;mfcribbon-ms</Extensions>
    </Filter>
    <Filter Include="Classes">
      <UniqueIdentifier>{9fb0cee8-3ae1-47fb-9619-5d870427328b}</UniqueIdentifier>
    </Filter>
    <Filter Include="LuaCocos2dx">
      <UniqueIdentifier>{4631f785-ebfe-45b3-aa69-e4b2b8a98c08}</UniqueIdentifier>
    </Filter>
  </ItemGroup>
  <ItemGroup>
    <None Include="ReadMe.txt" />
    <None Include="small.ico">
      <Filter>资源文件</Filter>
    </None>
    <None Include="LuaHostWin32.ico">
      <Filter>资源文件</Filter>
    </None>
  </ItemGroup>
  <ItemGroup>
    <ClInclude Include="stdafx.h">
      <Filter>头文件</Filter>
    </ClInclude>
    <ClInclude Include="targetver.h">
      <Filter>头文件</Filter>
    </ClInclude>
    <ClInclude Include="Resource.h">
      <Filter>头文件</Filter>
    </ClInclude>
    <ClInclude Include="LuaHostWin32.h">
      <Filter>头文件</Filter>
    </ClInclude>
    <ClInclude Include="..\..\Classes\AppDelegate.h">
      <Filter>Classes</Filter>
    </ClInclude>
    <ClInclude Include="..\..\libs\cocos2d-x\scripting\lua\cocos2dx_support\CCLuaEngine.h">
      <Filter>LuaCocos2dx</Filter>
    </ClInclude>
    <ClInclude Include="..\..\libs\cocos2d-x\scripting\lua\cocos2dx_support\Cocos2dxLuaLoader.h">
      <Filter>LuaCocos2dx</Filter>
    </ClInclude>
    <ClInclude Include="..\..\libs\cocos2d-x\scripting\lua\cocos2dx_support\LuaCocos2d.h">
      <Filter>LuaCocos2dx</Filter>
    </ClInclude>
    <ClInclude Include="..\..\libs\cocos2d-x\scripting\lua\cocos2dx_support\tolua_fix.h">
      <Filter>LuaCocos2dx</Filter>
    </ClInclude>
  </ItemGroup>
  <ItemGroup>
    <ClCompile Include="stdafx.cpp">
      <Filter>源文件</Filter>
    </ClCompile>
    <ClCompile Include="LuaHostWin32.cpp">
      <Filter>源文件</Filter>
    </ClCompile>
    <ClCompile Include="..\..\Classes\AppDelegate.cpp">
      <Filter>Classes</Filter>
    </ClCompile>
    <ClCompile Include="..\..\libs\cocos2d-x\scripting\lua\cocos2dx_support\CCLuaEngine.cpp">
      <Filter>LuaCocos2dx</Filter>
    </ClCompile>
    <ClCompile Include="..\..\libs\cocos2d-x\scripting\lua\cocos2dx_support\Cocos2dxLuaLoader.cpp">
      <Filter>LuaCocos2dx</Filter>
    </ClCompile>
    <ClCompile Include="..\..\libs\cocos2d-x\scripting\lua\cocos2dx_support\LuaCocos2d.cpp">
      <Filter>LuaCocos2dx</Filter>
    </ClCompile>
    <ClCompile Include="..\..\libs\cocos2d-x\scripting\lua\cocos2dx_support\tolua_fix.c">
      <Filter>LuaCocos2dx</Filter>
    </ClCompile>
  </ItemGroup>
  <ItemGroup>
    <ResourceCompile Include="LuaHostWin32.rc">
      <Filter>资源文件</Filter>
    </ResourceCompile>
  </ItemGroup>
</Project>