<?xml version="1.0" encoding="utf-8"?>
<Project ToolsVersion="4.0" xmlns="http://schemas.microsoft.com/developer/msbuild/2003">
  <ItemGroup>
    <Filter Include="base_nodes">
      <UniqueIdentifier>{cc64f5ad-2234-494c-9c51-b7a20c8887aa}</UniqueIdentifier>
    </Filter>
    <Filter Include="cocoa">
      <UniqueIdentifier>{aec8225f-81a7-4213-b97b-7004d5535398}</UniqueIdentifier>
    </Filter>
    <Filter Include="effects">
      <UniqueIdentifier>{736cf4ab-e0d6-40ba-912a-b062d28d318a}</UniqueIdentifier>
    </Filter>
    <Filter Include="actions">
      <UniqueIdentifier>{1c7c61b8-3d36-4ba0-a87c-457eb4c782d0}</UniqueIdentifier>
    </Filter>
    <Filter Include="include">
      <UniqueIdentifier>{0b3a64bd-79fa-476a-a461-6b97e5072453}</UniqueIdentifier>
    </Filter>
    <Filter Include="label_nodes">
      <UniqueIdentifier>{e455af5e-da09-4f41-b79f-df4dd311820d}</UniqueIdentifier>
    </Filter>
    <Filter Include="layers_scenes_transitions_nodes">
      <UniqueIdentifier>{206bd96b-f80e-4722-8675-d7c6ff9b3639}</UniqueIdentifier>
    </Filter>
    <Filter Include="menu_nodes">
      <UniqueIdentifier>{075492ba-08bc-404c-92da-32029797a600}</UniqueIdentifier>
    </Filter>
    <Filter Include="misc_nodes">
      <UniqueIdentifier>{41abe422-1602-4fe0-ac1c-6b04a14c1abb}</UniqueIdentifier>
    </Filter>
    <Filter Include="particle_nodes">
      <UniqueIdentifier>{8bf0f517-2ac3-4fc3-a1ad-999d9ea103cd}</UniqueIdentifier>
    </Filter>
    <Filter Include="platform">
      <UniqueIdentifier>{926fc31c-8742-4984-9940-c972dd02fc8a}</UniqueIdentifier>
    </Filter>
    <Filter Include="platform\win32">
      <UniqueIdentifier>{9428f8e6-4ce3-4596-b8af-14d70b7c5b5d}</UniqueIdentifier>
    </Filter>
    <Filter Include="sprite_nodes">
      <UniqueIdentifier>{755e5282-111e-46a5-9169-7c12b37f5ffc}</UniqueIdentifier>
    </Filter>
    <Filter Include="support">
      <UniqueIdentifier>{d94bbf20-8de9-49a7-ae20-6a1140cf633b}</UniqueIdentifier>
    </Filter>
    <Filter Include="support\data_support">
      <UniqueIdentifier>{4a64789e-cc8d-4f84-a869-e6dae2e0d58c}</UniqueIdentifier>
    </Filter>
    <Filter Include="support\image_support">
      <UniqueIdentifier>{bb98a889-9a48-4e31-af2f-117f14da388a}</UniqueIdentifier>
    </Filter>
    <Filter Include="support\zip_support">
      <UniqueIdentifier>{fdea327e-b905-47db-8c33-b70d7866166b}</UniqueIdentifier>
    </Filter>
    <Filter Include="textures">
      <UniqueIdentifier>{46c8d130-b8b5-47f5-a063-ca700e1c32cc}</UniqueIdentifier>
    </Filter>
    <Filter Include="tilemap_parallax_nodes">
      <UniqueIdentifier>{f2671200-b2d8-4d2e-9728-06719cf6f835}</UniqueIdentifier>
    </Filter>
    <Filter Include="touch_dispatcher">
      <UniqueIdentifier>{eaa16c9b-dfbc-4a37-8e3e-e961d9ca1d1a}</UniqueIdentifier>
    </Filter>
    <Filter Include="keypad_dispatcher">
      <UniqueIdentifier>{3c91932f-7667-4049-b9bd-caac4c8eab15}</UniqueIdentifier>
    </Filter>
    <Filter Include="text_input_node">
      <UniqueIdentifier>{535c04b0-fe2b-44c9-9a8c-9029e2b6de5c}</UniqueIdentifier>
    </Filter>
    <Filter Include="script_support">
      <UniqueIdentifier>{5b082c5c-d396-43ca-b3b1-997d0f6247d0}</UniqueIdentifier>
    </Filter>
    <Filter Include="kazmath">
      <UniqueIdentifier>{7751500e-ac9e-4604-a96d-670b30b7d8bd}</UniqueIdentifier>
    </Filter>
    <Filter Include="kazmath\include">
      <UniqueIdentifier>{b38113b1-3d59-4f6e-ac5a-f43921f6ed09}</UniqueIdentifier>
    </Filter>
    <Filter Include="kazmath\include\kazmath">
      <UniqueIdentifier>{569c49c9-27eb-456e-a3f4-9f403e28a3a1}</UniqueIdentifier>
    </Filter>
    <Filter Include="kazmath\include\kazmath\GL">
      <UniqueIdentifier>{191b3e94-47dc-4054-b1cb-bf145d281521}</UniqueIdentifier>
    </Filter>
    <Filter Include="kazmath\src">
      <UniqueIdentifier>{a91a4cc0-41e6-43e9-80c0-2c9101924386}</UniqueIdentifier>
    </Filter>
    <Filter Include="kazmath\src\GL">
      <UniqueIdentifier>{e278b354-1e41-4e92-95b3-7f661ba67140}</UniqueIdentifier>
    </Filter>
    <Filter Include="shaders">
      <UniqueIdentifier>{163895ae-8a8e-46bf-bdf2-98bb2c1347fc}</UniqueIdentifier>
    </Filter>
  </ItemGroup>
  <ItemGroup>
    <ClCompile Include="..\..\libs\cocos2d-x\cocos2dx\base_nodes\CCAtlasNode.cpp">
      <Filter>base_nodes</Filter>
    </ClCompile>
    <ClCompile Include="..\..\libs\cocos2d-x\cocos2dx\base_nodes\CCNode.cpp">
      <Filter>base_nodes</Filter>
    </ClCompile>
    <ClCompile Include="..\..\libs\cocos2d-x\cocos2dx\cocoa\CCAffineTransform.cpp">
      <Filter>cocoa</Filter>
    </ClCompile>
    <ClCompile Include="..\..\libs\cocos2d-x\cocos2dx\cocoa\CCArray.cpp">
      <Filter>cocoa</Filter>
    </ClCompile>
    <ClCompile Include="..\..\libs\cocos2d-x\cocos2dx\cocoa\CCAutoreleasePool.cpp">
      <Filter>cocoa</Filter>
    </ClCompile>
    <ClCompile Include="..\..\libs\cocos2d-x\cocos2dx\cocoa\CCDictionary.cpp">
      <Filter>cocoa</Filter>
    </ClCompile>
    <ClCompile Include="..\..\libs\cocos2d-x\cocos2dx\cocoa\CCGeometry.cpp">
      <Filter>cocoa</Filter>
    </ClCompile>
    <ClCompile Include="..\..\libs\cocos2d-x\cocos2dx\cocoa\CCNS.cpp">
      <Filter>cocoa</Filter>
    </ClCompile>
    <ClCompile Include="..\..\libs\cocos2d-x\cocos2dx\cocoa\CCObject.cpp">
      <Filter>cocoa</Filter>
    </ClCompile>
    <ClCompile Include="..\..\libs\cocos2d-x\cocos2dx\cocoa\CCSet.cpp">
      <Filter>cocoa</Filter>
    </ClCompile>
    <ClCompile Include="..\..\libs\cocos2d-x\cocos2dx\cocoa\CCString.cpp">
      <Filter>cocoa</Filter>
    </ClCompile>
    <ClCompile Include="..\..\libs\cocos2d-x\cocos2dx\cocoa\CCZone.cpp">
      <Filter>cocoa</Filter>
    </ClCompile>
    <ClCompile Include="..\..\libs\cocos2d-x\cocos2dx\effects\CCGrabber.cpp">
      <Filter>effects</Filter>
    </ClCompile>
    <ClCompile Include="..\..\libs\cocos2d-x\cocos2dx\effects\CCGrid.cpp">
      <Filter>effects</Filter>
    </ClCompile>
    <ClCompile Include="..\..\libs\cocos2d-x\cocos2dx\actions\CCAction.cpp">
      <Filter>actions</Filter>
    </ClCompile>
    <ClCompile Include="..\..\libs\cocos2d-x\cocos2dx\actions\CCActionCamera.cpp">
      <Filter>actions</Filter>
    </ClCompile>
    <ClCompile Include="..\..\libs\cocos2d-x\cocos2dx\actions\CCActionCatmullRom.cpp">
      <Filter>actions</Filter>
    </ClCompile>
    <ClCompile Include="..\..\libs\cocos2d-x\cocos2dx\actions\CCActionEase.cpp">
      <Filter>actions</Filter>
    </ClCompile>
    <ClCompile Include="..\..\libs\cocos2d-x\cocos2dx\actions\CCActionGrid.cpp">
      <Filter>actions</Filter>
    </ClCompile>
    <ClCompile Include="..\..\libs\cocos2d-x\cocos2dx\actions\CCActionGrid3D.cpp">
      <Filter>actions</Filter>
    </ClCompile>
    <ClCompile Include="..\..\libs\cocos2d-x\cocos2dx\actions\CCActionInstant.cpp">
      <Filter>actions</Filter>
    </ClCompile>
    <ClCompile Include="..\..\libs\cocos2d-x\cocos2dx\actions\CCActionInterval.cpp">
      <Filter>actions</Filter>
    </ClCompile>
    <ClCompile Include="..\..\libs\cocos2d-x\cocos2dx\actions\CCActionManager.cpp">
      <Filter>actions</Filter>
    </ClCompile>
    <ClCompile Include="..\..\libs\cocos2d-x\cocos2dx\actions\CCActionPageTurn3D.cpp">
      <Filter>actions</Filter>
    </ClCompile>
    <ClCompile Include="..\..\libs\cocos2d-x\cocos2dx\actions\CCActionProgressTimer.cpp">
      <Filter>actions</Filter>
    </ClCompile>
    <ClCompile Include="..\..\libs\cocos2d-x\cocos2dx\actions\CCActionTiledGrid.cpp">
      <Filter>actions</Filter>
    </ClCompile>
    <ClCompile Include="..\..\libs\cocos2d-x\cocos2dx\actions\CCActionTween.cpp">
      <Filter>actions</Filter>
    </ClCompile>
    <ClCompile Include="..\..\libs\cocos2d-x\cocos2dx\label_nodes\CCLabelAtlas.cpp">
      <Filter>label_nodes</Filter>
    </ClCompile>
    <ClCompile Include="..\..\libs\cocos2d-x\cocos2dx\label_nodes\CCLabelBMFont.cpp">
      <Filter>label_nodes</Filter>
    </ClCompile>
    <ClCompile Include="..\..\libs\cocos2d-x\cocos2dx\label_nodes\CCLabelTTF.cpp">
      <Filter>label_nodes</Filter>
    </ClCompile>
    <ClCompile Include="..\..\libs\cocos2d-x\cocos2dx\layers_scenes_transitions_nodes\CCLayer.cpp">
      <Filter>layers_scenes_transitions_nodes</Filter>
    </ClCompile>
    <ClCompile Include="..\..\libs\cocos2d-x\cocos2dx\layers_scenes_transitions_nodes\CCScene.cpp">
      <Filter>layers_scenes_transitions_nodes</Filter>
    </ClCompile>
    <ClCompile Include="..\..\libs\cocos2d-x\cocos2dx\layers_scenes_transitions_nodes\CCTransition.cpp">
      <Filter>layers_scenes_transitions_nodes</Filter>
    </ClCompile>
    <ClCompile Include="..\..\libs\cocos2d-x\cocos2dx\layers_scenes_transitions_nodes\CCTransitionPageTurn.cpp">
      <Filter>layers_scenes_transitions_nodes</Filter>
    </ClCompile>
    <ClCompile Include="..\..\libs\cocos2d-x\cocos2dx\layers_scenes_transitions_nodes\CCTransitionProgress.cpp">
      <Filter>layers_scenes_transitions_nodes</Filter>
    </ClCompile>
    <ClCompile Include="..\..\libs\cocos2d-x\cocos2dx\menu_nodes\CCMenu.cpp">
      <Filter>menu_nodes</Filter>
    </ClCompile>
    <ClCompile Include="..\..\libs\cocos2d-x\cocos2dx\menu_nodes\CCMenuItem.cpp">
      <Filter>menu_nodes</Filter>
    </ClCompile>
    <ClCompile Include="..\..\libs\cocos2d-x\cocos2dx\misc_nodes\CCMotionStreak.cpp">
      <Filter>misc_nodes</Filter>
    </ClCompile>
    <ClCompile Include="..\..\libs\cocos2d-x\cocos2dx\misc_nodes\CCProgressTimer.cpp">
      <Filter>misc_nodes</Filter>
    </ClCompile>
    <ClCompile Include="..\..\libs\cocos2d-x\cocos2dx\misc_nodes\CCRenderTexture.cpp">
      <Filter>misc_nodes</Filter>
    </ClCompile>
    <ClCompile Include="..\..\libs\cocos2d-x\cocos2dx\particle_nodes\CCParticleBatchNode.cpp">
      <Filter>particle_nodes</Filter>
    </ClCompile>
    <ClCompile Include="..\..\libs\cocos2d-x\cocos2dx\particle_nodes\CCParticleExamples.cpp">
      <Filter>particle_nodes</Filter>
    </ClCompile>
    <ClCompile Include="..\..\libs\cocos2d-x\cocos2dx\particle_nodes\CCParticleSystem.cpp">
      <Filter>particle_nodes</Filter>
    </ClCompile>
    <ClCompile Include="..\..\libs\cocos2d-x\cocos2dx\particle_nodes\CCParticleSystemQuad.cpp">
      <Filter>particle_nodes</Filter>
    </ClCompile>
    <ClCompile Include="..\..\libs\cocos2d-x\cocos2dx\platform\CCEGLViewProtocol.cpp">
      <Filter>platform</Filter>
    </ClCompile>
    <ClCompile Include="..\..\libs\cocos2d-x\cocos2dx\platform\CCSAXParser.cpp">
      <Filter>platform</Filter>
    </ClCompile>
    <ClCompile Include="..\..\libs\cocos2d-x\cocos2dx\platform\CCThread.cpp">
      <Filter>platform</Filter>
    </ClCompile>
    <ClCompile Include="..\..\libs\cocos2d-x\cocos2dx\platform\platform.cpp">
      <Filter>platform</Filter>
    </ClCompile>
    <ClCompile Include="..\..\libs\cocos2d-x\cocos2dx\platform\win32\CCAccelerometer.cpp">
      <Filter>platform\win32</Filter>
    </ClCompile>
    <ClCompile Include="..\..\libs\cocos2d-x\cocos2dx\platform\win32\CCApplication.cpp">
      <Filter>platform\win32</Filter>
    </ClCompile>
    <ClCompile Include="..\..\libs\cocos2d-x\cocos2dx\platform\win32\CCCommon.cpp">
      <Filter>platform\win32</Filter>
    </ClCompile>
    <ClCompile Include="..\..\libs\cocos2d-x\cocos2dx\platform\win32\CCFileUtils.cpp">
      <Filter>platform\win32</Filter>
    </ClCompile>
    <ClCompile Include="..\..\libs\cocos2d-x\cocos2dx\platform\win32\CCImage.cpp">
      <Filter>platform\win32</Filter>
    </ClCompile>
    <ClCompile Include="..\..\libs\cocos2d-x\cocos2dx\platform\win32\CCStdC.cpp">
      <Filter>platform\win32</Filter>
    </ClCompile>
    <ClCompile Include="..\..\libs\cocos2d-x\cocos2dx\sprite_nodes\CCAnimation.cpp">
      <Filter>sprite_nodes</Filter>
    </ClCompile>
    <ClCompile Include="..\..\libs\cocos2d-x\cocos2dx\sprite_nodes\CCAnimationCache.cpp">
      <Filter>sprite_nodes</Filter>
    </ClCompile>
    <ClCompile Include="..\..\libs\cocos2d-x\cocos2dx\sprite_nodes\CCSprite.cpp">
      <Filter>sprite_nodes</Filter>
    </ClCompile>
    <ClCompile Include="..\..\libs\cocos2d-x\cocos2dx\sprite_nodes\CCSpriteBatchNode.cpp">
      <Filter>sprite_nodes</Filter>
    </ClCompile>
    <ClCompile Include="..\..\libs\cocos2d-x\cocos2dx\sprite_nodes\CCSpriteFrame.cpp">
      <Filter>sprite_nodes</Filter>
    </ClCompile>
    <ClCompile Include="..\..\libs\cocos2d-x\cocos2dx\sprite_nodes\CCSpriteFrameCache.cpp">
      <Filter>sprite_nodes</Filter>
    </ClCompile>
    <ClCompile Include="..\..\libs\cocos2d-x\cocos2dx\support\base64.cpp">
      <Filter>support</Filter>
    </ClCompile>
    <ClCompile Include="..\..\libs\cocos2d-x\cocos2dx\support\CCNotificationCenter.cpp">
      <Filter>support</Filter>
    </ClCompile>
    <ClCompile Include="..\..\libs\cocos2d-x\cocos2dx\support\CCPointExtension.cpp">
      <Filter>support</Filter>
    </ClCompile>
    <ClCompile Include="..\..\libs\cocos2d-x\cocos2dx\support\CCProfiling.cpp">
      <Filter>support</Filter>
    </ClCompile>
    <ClCompile Include="..\..\libs\cocos2d-x\cocos2dx\support\CCUserDefault.cpp">
      <Filter>support</Filter>
    </ClCompile>
    <ClCompile Include="..\..\libs\cocos2d-x\cocos2dx\support\ccUtils.cpp">
      <Filter>support</Filter>
    </ClCompile>
    <ClCompile Include="..\..\libs\cocos2d-x\cocos2dx\support\CCVertex.cpp">
      <Filter>support</Filter>
    </ClCompile>
    <ClCompile Include="..\..\libs\cocos2d-x\cocos2dx\support\TransformUtils.cpp">
      <Filter>support</Filter>
    </ClCompile>
    <ClCompile Include="..\..\libs\cocos2d-x\cocos2dx\support\data_support\ccCArray.cpp">
      <Filter>support\data_support</Filter>
    </ClCompile>
    <ClCompile Include="..\..\libs\cocos2d-x\cocos2dx\support\image_support\TGAlib.cpp">
      <Filter>support\image_support</Filter>
    </ClCompile>
    <ClCompile Include="..\..\libs\cocos2d-x\cocos2dx\support\zip_support\ioapi.cpp">
      <Filter>support\zip_support</Filter>
    </ClCompile>
    <ClCompile Include="..\..\libs\cocos2d-x\cocos2dx\support\zip_support\unzip.cpp">
      <Filter>support\zip_support</Filter>
    </ClCompile>
    <ClCompile Include="..\..\libs\cocos2d-x\cocos2dx\support\zip_support\ZipUtils.cpp">
      <Filter>support\zip_support</Filter>
    </ClCompile>
    <ClCompile Include="..\..\libs\cocos2d-x\cocos2dx\textures\CCTexture2D.cpp">
      <Filter>textures</Filter>
    </ClCompile>
    <ClCompile Include="..\..\libs\cocos2d-x\cocos2dx\textures\CCTextureAtlas.cpp">
      <Filter>textures</Filter>
    </ClCompile>
    <ClCompile Include="..\..\libs\cocos2d-x\cocos2dx\textures\CCTextureCache.cpp">
      <Filter>textures</Filter>
    </ClCompile>
    <ClCompile Include="..\..\libs\cocos2d-x\cocos2dx\textures\CCTexturePVR.cpp">
      <Filter>textures</Filter>
    </ClCompile>
    <ClCompile Include="..\..\libs\cocos2d-x\cocos2dx\tileMap_parallax_nodes\CCParallaxNode.cpp">
      <Filter>tilemap_parallax_nodes</Filter>
    </ClCompile>
    <ClCompile Include="..\..\libs\cocos2d-x\cocos2dx\tileMap_parallax_nodes\CCTileMapAtlas.cpp">
      <Filter>tilemap_parallax_nodes</Filter>
    </ClCompile>
    <ClCompile Include="..\..\libs\cocos2d-x\cocos2dx\tileMap_parallax_nodes\CCTMXLayer.cpp">
      <Filter>tilemap_parallax_nodes</Filter>
    </ClCompile>
    <ClCompile Include="..\..\libs\cocos2d-x\cocos2dx\tileMap_parallax_nodes\CCTMXObjectGroup.cpp">
      <Filter>tilemap_parallax_nodes</Filter>
    </ClCompile>
    <ClCompile Include="..\..\libs\cocos2d-x\cocos2dx\tileMap_parallax_nodes\CCTMXTiledMap.cpp">
      <Filter>tilemap_parallax_nodes</Filter>
    </ClCompile>
    <ClCompile Include="..\..\libs\cocos2d-x\cocos2dx\tileMap_parallax_nodes\CCTMXXMLParser.cpp">
      <Filter>tilemap_parallax_nodes</Filter>
    </ClCompile>
    <ClCompile Include="..\..\libs\cocos2d-x\cocos2dx\touch_dispatcher\CCTouch.cpp">
      <Filter>touch_dispatcher</Filter>
    </ClCompile>
    <ClCompile Include="..\..\libs\cocos2d-x\cocos2dx\touch_dispatcher\CCTouchDispatcher.cpp">
      <Filter>touch_dispatcher</Filter>
    </ClCompile>
    <ClCompile Include="..\..\libs\cocos2d-x\cocos2dx\touch_dispatcher\CCTouchHandler.cpp">
      <Filter>touch_dispatcher</Filter>
    </ClCompile>
    <ClCompile Include="..\..\libs\cocos2d-x\cocos2dx\keypad_dispatcher\CCKeypadDelegate.cpp">
      <Filter>keypad_dispatcher</Filter>
    </ClCompile>
    <ClCompile Include="..\..\libs\cocos2d-x\cocos2dx\keypad_dispatcher\CCKeypadDispatcher.cpp">
      <Filter>keypad_dispatcher</Filter>
    </ClCompile>
    <ClCompile Include="..\..\libs\cocos2d-x\cocos2dx\text_input_node\CCIMEDispatcher.cpp">
      <Filter>text_input_node</Filter>
    </ClCompile>
    <ClCompile Include="..\..\libs\cocos2d-x\cocos2dx\text_input_node\CCTextFieldTTF.cpp">
      <Filter>text_input_node</Filter>
    </ClCompile>
    <ClCompile Include="..\..\libs\cocos2d-x\cocos2dx\script_support\CCScriptSupport.cpp">
      <Filter>script_support</Filter>
    </ClCompile>
    <ClCompile Include="..\..\libs\cocos2d-x\cocos2dx\kazmath\src\aabb.c">
      <Filter>kazmath\src</Filter>
    </ClCompile>
    <ClCompile Include="..\..\libs\cocos2d-x\cocos2dx\kazmath\src\mat3.c">
      <Filter>kazmath\src</Filter>
    </ClCompile>
    <ClCompile Include="..\..\libs\cocos2d-x\cocos2dx\kazmath\src\mat4.c">
      <Filter>kazmath\src</Filter>
    </ClCompile>
    <ClCompile Include="..\..\libs\cocos2d-x\cocos2dx\kazmath\src\neon_matrix_impl.c">
      <Filter>kazmath\src</Filter>
    </ClCompile>
    <ClCompile Include="..\..\libs\cocos2d-x\cocos2dx\kazmath\src\plane.c">
      <Filter>kazmath\src</Filter>
    </ClCompile>
    <ClCompile Include="..\..\libs\cocos2d-x\cocos2dx\kazmath\src\quaternion.c">
      <Filter>kazmath\src</Filter>
    </ClCompile>
    <ClCompile Include="..\..\libs\cocos2d-x\cocos2dx\kazmath\src\ray2.c">
      <Filter>kazmath\src</Filter>
    </ClCompile>
    <ClCompile Include="..\..\libs\cocos2d-x\cocos2dx\kazmath\src\utility.c">
      <Filter>kazmath\src</Filter>
    </ClCompile>
    <ClCompile Include="..\..\libs\cocos2d-x\cocos2dx\kazmath\src\vec2.c">
      <Filter>kazmath\src</Filter>
    </ClCompile>
    <ClCompile Include="..\..\libs\cocos2d-x\cocos2dx\kazmath\src\vec3.c">
      <Filter>kazmath\src</Filter>
    </ClCompile>
    <ClCompile Include="..\..\libs\cocos2d-x\cocos2dx\kazmath\src\vec4.c">
      <Filter>kazmath\src</Filter>
    </ClCompile>
    <ClCompile Include="..\..\libs\cocos2d-x\cocos2dx\kazmath\src\GL\mat4stack.c">
      <Filter>kazmath\src\GL</Filter>
    </ClCompile>
    <ClCompile Include="..\..\libs\cocos2d-x\cocos2dx\kazmath\src\GL\matrix.c">
      <Filter>kazmath\src\GL</Filter>
    </ClCompile>
    <ClCompile Include="..\..\libs\cocos2d-x\cocos2dx\shaders\CCGLProgram.cpp">
      <Filter>shaders</Filter>
    </ClCompile>
    <ClCompile Include="..\..\libs\cocos2d-x\cocos2dx\shaders\ccGLStateCache.cpp">
      <Filter>shaders</Filter>
    </ClCompile>
    <ClCompile Include="..\..\libs\cocos2d-x\cocos2dx\shaders\CCShaderCache.cpp">
      <Filter>shaders</Filter>
    </ClCompile>
    <ClCompile Include="..\..\libs\cocos2d-x\cocos2dx\shaders\ccShaders.cpp">
      <Filter>shaders</Filter>
    </ClCompile>
    <ClCompile Include="..\..\libs\cocos2d-x\cocos2dx\CCCamera.cpp" />
    <ClCompile Include="..\..\libs\cocos2d-x\cocos2dx\CCConfiguration.cpp" />
    <ClCompile Include="..\..\libs\cocos2d-x\cocos2dx\CCDirector.cpp" />
    <ClCompile Include="..\..\libs\cocos2d-x\cocos2dx\CCDrawingPrimitives.cpp" />
    <ClCompile Include="..\..\libs\cocos2d-x\cocos2dx\CCScheduler.cpp" />
    <ClCompile Include="..\..\libs\cocos2d-x\cocos2dx\cocos2d.cpp" />
    <ClCompile Include="..\..\libs\cocos2d-x\cocos2dx\platform\win32\CCEGLView.cpp">
      <Filter>platform\win32</Filter>
    </ClCompile>
  </ItemGroup>
  <ItemGroup>
    <ClInclude Include="..\..\libs\cocos2d-x\cocos2dx\base_nodes\CCAtlasNode.h">
      <Filter>base_nodes</Filter>
    </ClInclude>
    <ClInclude Include="..\..\libs\cocos2d-x\cocos2dx\base_nodes\CCNode.h">
      <Filter>base_nodes</Filter>
    </ClInclude>
    <ClInclude Include="..\..\libs\cocos2d-x\cocos2dx\cocoa\CCAffineTransform.h">
      <Filter>cocoa</Filter>
    </ClInclude>
    <ClInclude Include="..\..\libs\cocos2d-x\cocos2dx\cocoa\CCArray.h">
      <Filter>cocoa</Filter>
    </ClInclude>
    <ClInclude Include="..\..\libs\cocos2d-x\cocos2dx\cocoa\CCAutoreleasePool.h">
      <Filter>cocoa</Filter>
    </ClInclude>
    <ClInclude Include="..\..\libs\cocos2d-x\cocos2dx\cocoa\CCDictionary.h">
      <Filter>cocoa</Filter>
    </ClInclude>
    <ClInclude Include="..\..\libs\cocos2d-x\cocos2dx\cocoa\CCGeometry.h">
      <Filter>cocoa</Filter>
    </ClInclude>
    <ClInclude Include="..\..\libs\cocos2d-x\cocos2dx\cocoa\CCInteger.h">
      <Filter>cocoa</Filter>
    </ClInclude>
    <ClInclude Include="..\..\libs\cocos2d-x\cocos2dx\cocoa\CCNS.h">
      <Filter>cocoa</Filter>
    </ClInclude>
    <ClInclude Include="..\..\libs\cocos2d-x\cocos2dx\cocoa\CCObject.h">
      <Filter>cocoa</Filter>
    </ClInclude>
    <ClInclude Include="..\..\libs\cocos2d-x\cocos2dx\cocoa\CCSet.h">
      <Filter>cocoa</Filter>
    </ClInclude>
    <ClInclude Include="..\..\libs\cocos2d-x\cocos2dx\cocoa\CCString.h">
      <Filter>cocoa</Filter>
    </ClInclude>
    <ClInclude Include="..\..\libs\cocos2d-x\cocos2dx\cocoa\CCZone.h">
      <Filter>cocoa</Filter>
    </ClInclude>
    <ClInclude Include="..\..\libs\cocos2d-x\cocos2dx\effects\CCGrabber.h">
      <Filter>effects</Filter>
    </ClInclude>
    <ClInclude Include="..\..\libs\cocos2d-x\cocos2dx\effects\CCGrid.h">
      <Filter>effects</Filter>
    </ClInclude>
    <ClInclude Include="..\..\libs\cocos2d-x\cocos2dx\actions\CCAction.h">
      <Filter>actions</Filter>
    </ClInclude>
    <ClInclude Include="..\..\libs\cocos2d-x\cocos2dx\actions\CCActionCamera.h">
      <Filter>actions</Filter>
    </ClInclude>
    <ClInclude Include="..\..\libs\cocos2d-x\cocos2dx\actions\CCActionCatmullRom.h">
      <Filter>actions</Filter>
    </ClInclude>
    <ClInclude Include="..\..\libs\cocos2d-x\cocos2dx\actions\CCActionEase.h">
      <Filter>actions</Filter>
    </ClInclude>
    <ClInclude Include="..\..\libs\cocos2d-x\cocos2dx\actions\CCActionGrid.h">
      <Filter>actions</Filter>
    </ClInclude>
    <ClInclude Include="..\..\libs\cocos2d-x\cocos2dx\actions\CCActionGrid3D.h">
      <Filter>actions</Filter>
    </ClInclude>
    <ClInclude Include="..\..\libs\cocos2d-x\cocos2dx\actions\CCActionInstant.h">
      <Filter>actions</Filter>
    </ClInclude>
    <ClInclude Include="..\..\libs\cocos2d-x\cocos2dx\actions\CCActionInterval.h">
      <Filter>actions</Filter>
    </ClInclude>
    <ClInclude Include="..\..\libs\cocos2d-x\cocos2dx\actions\CCActionManager.h">
      <Filter>actions</Filter>
    </ClInclude>
    <ClInclude Include="..\..\libs\cocos2d-x\cocos2dx\actions\CCActionPageTurn3D.h">
      <Filter>actions</Filter>
    </ClInclude>
    <ClInclude Include="..\..\libs\cocos2d-x\cocos2dx\actions\CCActionProgressTimer.h">
      <Filter>actions</Filter>
    </ClInclude>
    <ClInclude Include="..\..\libs\cocos2d-x\cocos2dx\actions\CCActionTiledGrid.h">
      <Filter>actions</Filter>
    </ClInclude>
    <ClInclude Include="..\..\libs\cocos2d-x\cocos2dx\actions\CCActionTween.h">
      <Filter>actions</Filter>
    </ClInclude>
    <ClInclude Include="..\..\libs\cocos2d-x\cocos2dx\include\ccConfig.h">
      <Filter>include</Filter>
    </ClInclude>
    <ClInclude Include="..\..\libs\cocos2d-x\cocos2dx\include\CCEventType.h">
      <Filter>include</Filter>
    </ClInclude>
    <ClInclude Include="..\..\libs\cocos2d-x\cocos2dx\include\ccMacros.h">
      <Filter>include</Filter>
    </ClInclude>
    <ClInclude Include="..\..\libs\cocos2d-x\cocos2dx\include\CCProtocols.h">
      <Filter>include</Filter>
    </ClInclude>
    <ClInclude Include="..\..\libs\cocos2d-x\cocos2dx\include\ccTypes.h">
      <Filter>include</Filter>
    </ClInclude>
    <ClInclude Include="..\..\libs\cocos2d-x\cocos2dx\include\cocos2d.h">
      <Filter>include</Filter>
    </ClInclude>
    <ClInclude Include="..\..\libs\cocos2d-x\cocos2dx\label_nodes\CCLabelAtlas.h">
      <Filter>label_nodes</Filter>
    </ClInclude>
    <ClInclude Include="..\..\libs\cocos2d-x\cocos2dx\label_nodes\CCLabelBMFont.h">
      <Filter>label_nodes</Filter>
    </ClInclude>
    <ClInclude Include="..\..\libs\cocos2d-x\cocos2dx\label_nodes\CCLabelTTF.h">
      <Filter>label_nodes</Filter>
    </ClInclude>
    <ClInclude Include="..\..\libs\cocos2d-x\cocos2dx\layers_scenes_transitions_nodes\CCLayer.h">
      <Filter>layers_scenes_transitions_nodes</Filter>
    </ClInclude>
    <ClInclude Include="..\..\libs\cocos2d-x\cocos2dx\layers_scenes_transitions_nodes\CCScene.h">
      <Filter>layers_scenes_transitions_nodes</Filter>
    </ClInclude>
    <ClInclude Include="..\..\libs\cocos2d-x\cocos2dx\layers_scenes_transitions_nodes\CCTransition.h">
      <Filter>layers_scenes_transitions_nodes</Filter>
    </ClInclude>
    <ClInclude Include="..\..\libs\cocos2d-x\cocos2dx\layers_scenes_transitions_nodes\CCTransitionPageTurn.h">
      <Filter>layers_scenes_transitions_nodes</Filter>
    </ClInclude>
    <ClInclude Include="..\..\libs\cocos2d-x\cocos2dx\layers_scenes_transitions_nodes\CCTransitionProgress.h">
      <Filter>layers_scenes_transitions_nodes</Filter>
    </ClInclude>
    <ClInclude Include="..\..\libs\cocos2d-x\cocos2dx\menu_nodes\CCMenu.h">
      <Filter>menu_nodes</Filter>
    </ClInclude>
    <ClInclude Include="..\..\libs\cocos2d-x\cocos2dx\menu_nodes\CCMenuItem.h">
      <Filter>menu_nodes</Filter>
    </ClInclude>
    <ClInclude Include="..\..\libs\cocos2d-x\cocos2dx\misc_nodes\CCMotionStreak.h">
      <Filter>misc_nodes</Filter>
    </ClInclude>
    <ClInclude Include="..\..\libs\cocos2d-x\cocos2dx\misc_nodes\CCProgressTimer.h">
      <Filter>misc_nodes</Filter>
    </ClInclude>
    <ClInclude Include="..\..\libs\cocos2d-x\cocos2dx\misc_nodes\CCRenderTexture.h">
      <Filter>misc_nodes</Filter>
    </ClInclude>
    <ClInclude Include="..\..\libs\cocos2d-x\cocos2dx\particle_nodes\CCParticleBatchNode.h">
      <Filter>particle_nodes</Filter>
    </ClInclude>
    <ClInclude Include="..\..\libs\cocos2d-x\cocos2dx\particle_nodes\CCParticleExamples.h">
      <Filter>particle_nodes</Filter>
    </ClInclude>
    <ClInclude Include="..\..\libs\cocos2d-x\cocos2dx\particle_nodes\CCParticleSystem.h">
      <Filter>particle_nodes</Filter>
    </ClInclude>
    <ClInclude Include="..\..\libs\cocos2d-x\cocos2dx\particle_nodes\CCParticleSystemQuad.h">
      <Filter>particle_nodes</Filter>
    </ClInclude>
    <ClInclude Include="..\..\libs\cocos2d-x\cocos2dx\platform\CCAccelerometerDelegate.h">
      <Filter>platform</Filter>
    </ClInclude>
    <ClInclude Include="..\..\libs\cocos2d-x\cocos2dx\platform\CCApplicationProtocol.h">
      <Filter>platform</Filter>
    </ClInclude>
    <ClInclude Include="..\..\libs\cocos2d-x\cocos2dx\platform\CCCommon.h">
      <Filter>platform</Filter>
    </ClInclude>
    <ClInclude Include="..\..\libs\cocos2d-x\cocos2dx\platform\CCEGLViewProtocol.h">
      <Filter>platform</Filter>
    </ClInclude>
    <ClInclude Include="..\..\libs\cocos2d-x\cocos2dx\platform\CCFileUtils.h">
      <Filter>platform</Filter>
    </ClInclude>
    <ClInclude Include="..\..\libs\cocos2d-x\cocos2dx\platform\CCFileUtilsCommon_cpp.h">
      <Filter>platform</Filter>
    </ClInclude>
    <ClInclude Include="..\..\libs\cocos2d-x\cocos2dx\platform\CCImage.h">
      <Filter>platform</Filter>
    </ClInclude>
    <ClInclude Include="..\..\libs\cocos2d-x\cocos2dx\platform\CCImageCommon_cpp.h">
      <Filter>platform</Filter>
    </ClInclude>
    <ClInclude Include="..\..\libs\cocos2d-x\cocos2dx\platform\CCPlatformConfig.h">
      <Filter>platform</Filter>
    </ClInclude>
    <ClInclude Include="..\..\libs\cocos2d-x\cocos2dx\platform\CCPlatformMacros.h">
      <Filter>platform</Filter>
    </ClInclude>
    <ClInclude Include="..\..\libs\cocos2d-x\cocos2dx\platform\CCSAXParser.h">
      <Filter>platform</Filter>
    </ClInclude>
    <ClInclude Include="..\..\libs\cocos2d-x\cocos2dx\platform\CCThread.h">
      <Filter>platform</Filter>
    </ClInclude>
    <ClInclude Include="..\..\libs\cocos2d-x\cocos2dx\platform\platform.h">
      <Filter>platform</Filter>
    </ClInclude>
    <ClInclude Include="..\..\libs\cocos2d-x\cocos2dx\platform\win32\CCAccelerometer.h">
      <Filter>platform\win32</Filter>
    </ClInclude>
    <ClInclude Include="..\..\libs\cocos2d-x\cocos2dx\platform\win32\CCApplication.h">
      <Filter>platform\win32</Filter>
    </ClInclude>
    <ClInclude Include="..\..\libs\cocos2d-x\cocos2dx\platform\win32\CCGL.h">
      <Filter>platform\win32</Filter>
    </ClInclude>
    <ClInclude Include="..\..\libs\cocos2d-x\cocos2dx\platform\win32\CCPlatformDefine.h">
      <Filter>platform\win32</Filter>
    </ClInclude>
    <ClInclude Include="..\..\libs\cocos2d-x\cocos2dx\platform\win32\CCStdC.h">
      <Filter>platform\win32</Filter>
    </ClInclude>
    <ClInclude Include="..\..\libs\cocos2d-x\cocos2dx\sprite_nodes\CCAnimation.h">
      <Filter>sprite_nodes</Filter>
    </ClInclude>
    <ClInclude Include="..\..\libs\cocos2d-x\cocos2dx\sprite_nodes\CCAnimationCache.h">
      <Filter>sprite_nodes</Filter>
    </ClInclude>
    <ClInclude Include="..\..\libs\cocos2d-x\cocos2dx\sprite_nodes\CCSprite.h">
      <Filter>sprite_nodes</Filter>
    </ClInclude>
    <ClInclude Include="..\..\libs\cocos2d-x\cocos2dx\sprite_nodes\CCSpriteBatchNode.h">
      <Filter>sprite_nodes</Filter>
    </ClInclude>
    <ClInclude Include="..\..\libs\cocos2d-x\cocos2dx\sprite_nodes\CCSpriteFrame.h">
      <Filter>sprite_nodes</Filter>
    </ClInclude>
    <ClInclude Include="..\..\libs\cocos2d-x\cocos2dx\sprite_nodes\CCSpriteFrameCache.h">
      <Filter>sprite_nodes</Filter>
    </ClInclude>
    <ClInclude Include="..\..\libs\cocos2d-x\cocos2dx\support\base64.h">
      <Filter>support</Filter>
    </ClInclude>
    <ClInclude Include="..\..\libs\cocos2d-x\cocos2dx\support\CCNotificationCenter.h">
      <Filter>support</Filter>
    </ClInclude>
    <ClInclude Include="..\..\libs\cocos2d-x\cocos2dx\support\CCPointExtension.h">
      <Filter>support</Filter>
    </ClInclude>
    <ClInclude Include="..\..\libs\cocos2d-x\cocos2dx\support\CCProfiling.h">
      <Filter>support</Filter>
    </ClInclude>
    <ClInclude Include="..\..\libs\cocos2d-x\cocos2dx\support\CCUserDefault.h">
      <Filter>support</Filter>
    </ClInclude>
    <ClInclude Include="..\..\libs\cocos2d-x\cocos2dx\support\ccUtils.h">
      <Filter>support</Filter>
    </ClInclude>
    <ClInclude Include="..\..\libs\cocos2d-x\cocos2dx\support\CCVertex.h">
      <Filter>support</Filter>
    </ClInclude>
    <ClInclude Include="..\..\libs\cocos2d-x\cocos2dx\support\TransformUtils.h">
      <Filter>support</Filter>
    </ClInclude>
    <ClInclude Include="..\..\libs\cocos2d-x\cocos2dx\support\data_support\ccCArray.h">
      <Filter>support\data_support</Filter>
    </ClInclude>
    <ClInclude Include="..\..\libs\cocos2d-x\cocos2dx\support\data_support\uthash.h">
      <Filter>support\data_support</Filter>
    </ClInclude>
    <ClInclude Include="..\..\libs\cocos2d-x\cocos2dx\support\data_support\utlist.h">
      <Filter>support\data_support</Filter>
    </ClInclude>
    <ClInclude Include="..\..\libs\cocos2d-x\cocos2dx\support\image_support\TGAlib.h">
      <Filter>support\image_support</Filter>
    </ClInclude>
    <ClInclude Include="..\..\libs\cocos2d-x\cocos2dx\support\zip_support\ioapi.h">
      <Filter>support\zip_support</Filter>
    </ClInclude>
    <ClInclude Include="..\..\libs\cocos2d-x\cocos2dx\support\zip_support\unzip.h">
      <Filter>support\zip_support</Filter>
    </ClInclude>
    <ClInclude Include="..\..\libs\cocos2d-x\cocos2dx\support\zip_support\ZipUtils.h">
      <Filter>support\zip_support</Filter>
    </ClInclude>
    <ClInclude Include="..\..\libs\cocos2d-x\cocos2dx\textures\CCTexture2D.h">
      <Filter>textures</Filter>
    </ClInclude>
    <ClInclude Include="..\..\libs\cocos2d-x\cocos2dx\textures\CCTextureAtlas.h">
      <Filter>textures</Filter>
    </ClInclude>
    <ClInclude Include="..\..\libs\cocos2d-x\cocos2dx\textures\CCTextureCache.h">
      <Filter>textures</Filter>
    </ClInclude>
    <ClInclude Include="..\..\libs\cocos2d-x\cocos2dx\textures\CCTexturePVR.h">
      <Filter>textures</Filter>
    </ClInclude>
    <ClInclude Include="..\..\libs\cocos2d-x\cocos2dx\tileMap_parallax_nodes\CCParallaxNode.h">
      <Filter>tilemap_parallax_nodes</Filter>
    </ClInclude>
    <ClInclude Include="..\..\libs\cocos2d-x\cocos2dx\tileMap_parallax_nodes\CCTileMapAtlas.h">
      <Filter>tilemap_parallax_nodes</Filter>
    </ClInclude>
    <ClInclude Include="..\..\libs\cocos2d-x\cocos2dx\tileMap_parallax_nodes\CCTMXLayer.h">
      <Filter>tilemap_parallax_nodes</Filter>
    </ClInclude>
    <ClInclude Include="..\..\libs\cocos2d-x\cocos2dx\tileMap_parallax_nodes\CCTMXObjectGroup.h">
      <Filter>tilemap_parallax_nodes</Filter>
    </ClInclude>
    <ClInclude Include="..\..\libs\cocos2d-x\cocos2dx\tileMap_parallax_nodes\CCTMXTiledMap.h">
      <Filter>tilemap_parallax_nodes</Filter>
    </ClInclude>
    <ClInclude Include="..\..\libs\cocos2d-x\cocos2dx\tileMap_parallax_nodes\CCTMXXMLParser.h">
      <Filter>tilemap_parallax_nodes</Filter>
    </ClInclude>
    <ClInclude Include="..\..\libs\cocos2d-x\cocos2dx\touch_dispatcher\CCTouch.h">
      <Filter>touch_dispatcher</Filter>
    </ClInclude>
    <ClInclude Include="..\..\libs\cocos2d-x\cocos2dx\touch_dispatcher\CCTouchDelegateProtocol.h">
      <Filter>touch_dispatcher</Filter>
    </ClInclude>
    <ClInclude Include="..\..\libs\cocos2d-x\cocos2dx\touch_dispatcher\CCTouchDispatcher.h">
      <Filter>touch_dispatcher</Filter>
    </ClInclude>
    <ClInclude Include="..\..\libs\cocos2d-x\cocos2dx\touch_dispatcher\CCTouchHandler.h">
      <Filter>touch_dispatcher</Filter>
    </ClInclude>
    <ClInclude Include="..\..\libs\cocos2d-x\cocos2dx\keypad_dispatcher\CCKeypadDelegate.h">
      <Filter>keypad_dispatcher</Filter>
    </ClInclude>
    <ClInclude Include="..\..\libs\cocos2d-x\cocos2dx\keypad_dispatcher\CCKeypadDispatcher.h">
      <Filter>keypad_dispatcher</Filter>
    </ClInclude>
    <ClInclude Include="..\..\libs\cocos2d-x\cocos2dx\text_input_node\CCIMEDelegate.h">
      <Filter>text_input_node</Filter>
    </ClInclude>
    <ClInclude Include="..\..\libs\cocos2d-x\cocos2dx\text_input_node\CCIMEDispatcher.h">
      <Filter>text_input_node</Filter>
    </ClInclude>
    <ClInclude Include="..\..\libs\cocos2d-x\cocos2dx\text_input_node\CCTextFieldTTF.h">
      <Filter>text_input_node</Filter>
    </ClInclude>
    <ClInclude Include="..\..\libs\cocos2d-x\cocos2dx\script_support\CCScriptSupport.h">
      <Filter>script_support</Filter>
    </ClInclude>
    <ClInclude Include="..\..\libs\cocos2d-x\cocos2dx\kazmath\include\kazmath\aabb.h">
      <Filter>kazmath\include\kazmath</Filter>
    </ClInclude>
    <ClInclude Include="..\..\libs\cocos2d-x\cocos2dx\kazmath\include\kazmath\kazmath.h">
      <Filter>kazmath\include\kazmath</Filter>
    </ClInclude>
    <ClInclude Include="..\..\libs\cocos2d-x\cocos2dx\kazmath\include\kazmath\mat3.h">
      <Filter>kazmath\include\kazmath</Filter>
    </ClInclude>
    <ClInclude Include="..\..\libs\cocos2d-x\cocos2dx\kazmath\include\kazmath\mat4.h">
      <Filter>kazmath\include\kazmath</Filter>
    </ClInclude>
    <ClInclude Include="..\..\libs\cocos2d-x\cocos2dx\kazmath\include\kazmath\neon_matrix_impl.h">
      <Filter>kazmath\include\kazmath</Filter>
    </ClInclude>
    <ClInclude Include="..\..\libs\cocos2d-x\cocos2dx\kazmath\include\kazmath\plane.h">
      <Filter>kazmath\include\kazmath</Filter>
    </ClInclude>
    <ClInclude Include="..\..\libs\cocos2d-x\cocos2dx\kazmath\include\kazmath\quaternion.h">
      <Filter>kazmath\include\kazmath</Filter>
    </ClInclude>
    <ClInclude Include="..\..\libs\cocos2d-x\cocos2dx\kazmath\include\kazmath\ray2.h">
      <Filter>kazmath\include\kazmath</Filter>
    </ClInclude>
    <ClInclude Include="..\..\libs\cocos2d-x\cocos2dx\kazmath\include\kazmath\utility.h">
      <Filter>kazmath\include\kazmath</Filter>
    </ClInclude>
    <ClInclude Include="..\..\libs\cocos2d-x\cocos2dx\kazmath\include\kazmath\vec2.h">
      <Filter>kazmath\include\kazmath</Filter>
    </ClInclude>
    <ClInclude Include="..\..\libs\cocos2d-x\cocos2dx\kazmath\include\kazmath\vec3.h">
      <Filter>kazmath\include\kazmath</Filter>
    </ClInclude>
    <ClInclude Include="..\..\libs\cocos2d-x\cocos2dx\kazmath\include\kazmath\vec4.h">
      <Filter>kazmath\include\kazmath</Filter>
    </ClInclude>
    <ClInclude Include="..\..\libs\cocos2d-x\cocos2dx\kazmath\include\kazmath\GL\mat4stack.h">
      <Filter>kazmath\include\kazmath\GL</Filter>
    </ClInclude>
    <ClInclude Include="..\..\libs\cocos2d-x\cocos2dx\kazmath\include\kazmath\GL\matrix.h">
      <Filter>kazmath\include\kazmath\GL</Filter>
    </ClInclude>
    <ClInclude Include="..\..\libs\cocos2d-x\cocos2dx\shaders\CCGLProgram.h">
      <Filter>shaders</Filter>
    </ClInclude>
    <ClInclude Include="..\..\libs\cocos2d-x\cocos2dx\shaders\ccGLStateCache.h">
      <Filter>shaders</Filter>
    </ClInclude>
    <ClInclude Include="..\..\libs\cocos2d-x\cocos2dx\shaders\ccShader_Position_uColor_frag.h">
      <Filter>shaders</Filter>
    </ClInclude>
    <ClInclude Include="..\..\libs\cocos2d-x\cocos2dx\shaders\ccShader_Position_uColor_vert.h">
      <Filter>shaders</Filter>
    </ClInclude>
    <ClInclude Include="..\..\libs\cocos2d-x\cocos2dx\shaders\ccShader_PositionColor_frag.h">
      <Filter>shaders</Filter>
    </ClInclude>
    <ClInclude Include="..\..\libs\cocos2d-x\cocos2dx\shaders\ccShader_PositionColor_vert.h">
      <Filter>shaders</Filter>
    </ClInclude>
    <ClInclude Include="..\..\libs\cocos2d-x\cocos2dx\shaders\ccShader_PositionTexture_frag.h">
      <Filter>shaders</Filter>
    </ClInclude>
    <ClInclude Include="..\..\libs\cocos2d-x\cocos2dx\shaders\ccShader_PositionTexture_uColor_frag.h">
      <Filter>shaders</Filter>
    </ClInclude>
    <ClInclude Include="..\..\libs\cocos2d-x\cocos2dx\shaders\ccShader_PositionTexture_uColor_vert.h">
      <Filter>shaders</Filter>
    </ClInclude>
    <ClInclude Include="..\..\libs\cocos2d-x\cocos2dx\shaders\ccShader_PositionTexture_vert.h">
      <Filter>shaders</Filter>
    </ClInclude>
    <ClInclude Include="..\..\libs\cocos2d-x\cocos2dx\shaders\ccShader_PositionTextureA8Color_frag.h">
      <Filter>shaders</Filter>
    </ClInclude>
    <ClInclude Include="..\..\libs\cocos2d-x\cocos2dx\shaders\ccShader_PositionTextureA8Color_vert.h">
      <Filter>shaders</Filter>
    </ClInclude>
    <ClInclude Include="..\..\libs\cocos2d-x\cocos2dx\shaders\ccShader_PositionTextureColor_frag.h">
      <Filter>shaders</Filter>
    </ClInclude>
    <ClInclude Include="..\..\libs\cocos2d-x\cocos2dx\shaders\ccShader_PositionTextureColor_vert.h">
      <Filter>shaders</Filter>
    </ClInclude>
    <ClInclude Include="..\..\libs\cocos2d-x\cocos2dx\shaders\ccShader_PositionTextureColorAlphaTest_frag.h">
      <Filter>shaders</Filter>
    </ClInclude>
    <ClInclude Include="..\..\libs\cocos2d-x\cocos2dx\shaders\CCShaderCache.h">
      <Filter>shaders</Filter>
    </ClInclude>
    <ClInclude Include="..\..\libs\cocos2d-x\cocos2dx\shaders\ccShaderEx_SwitchMask_frag.h">
      <Filter>shaders</Filter>
    </ClInclude>
    <ClInclude Include="..\..\libs\cocos2d-x\cocos2dx\shaders\ccShaders.h">
      <Filter>shaders</Filter>
    </ClInclude>
    <ClInclude Include="..\..\libs\cocos2d-x\cocos2dx\CCCamera.h" />
    <ClInclude Include="..\..\libs\cocos2d-x\cocos2dx\CCConfiguration.h" />
    <ClInclude Include="..\..\libs\cocos2d-x\cocos2dx\CCDirector.h" />
    <ClInclude Include="..\..\libs\cocos2d-x\cocos2dx\CCDrawingPrimitives.h" />
    <ClInclude Include="..\..\libs\cocos2d-x\cocos2dx\CCScheduler.h" />
    <ClInclude Include="..\..\libs\cocos2d-x\cocos2dx\platform\win32\CCEGLView.h">
      <Filter>platform\win32</Filter>
    </ClInclude>
  </ItemGroup>
</Project>