<?xml version="1.0" encoding="utf-8"?>
<Project ToolsVersion="4.0" xmlns="http://schemas.microsoft.com/developer/msbuild/2003">
  <ItemGroup>
    <Filter Include="lua_extensions">
      <UniqueIdentifier>{245dfcb2-944f-429b-a8d8-3b1ecd2fc81f}</UniqueIdentifier>
    </Filter>
    <Filter Include="lua_extensions\cjson">
      <UniqueIdentifier>{cc6bf4ec-ca4e-4228-b518-d847573fec74}</UniqueIdentifier>
    </Filter>
    <Filter Include="lua_extensions\zlib">
      <UniqueIdentifier>{d6556b93-3f14-42b4-99f4-c4350bcffc2e}</UniqueIdentifier>
    </Filter>
    <Filter Include="lua_extensions\socket">
      <UniqueIdentifier>{4193f69d-10a5-48ff-bb5a-3e715d7a575d}</UniqueIdentifier>
    </Filter>
    <Filter Include="lua_extensions\filesystem">
      <UniqueIdentifier>{4100f0f7-9265-4aa9-9fb6-5216f09f3893}</UniqueIdentifier>
    </Filter>
    <Filter Include="lua_extensions\lpack">
      <UniqueIdentifier>{1f17afca-c681-4876-a94b-8d39600c4cc4}</UniqueIdentifier>
    </Filter>
  </ItemGroup>
  <ItemGroup>
    <ClCompile Include="..\lua_extensions.c">
      <Filter>lua_extensions</Filter>
    </ClCompile>
    <ClCompile Include="..\cjson\fpconv.c">
      <Filter>lua_extensions\cjson</Filter>
    </ClCompile>
    <ClCompile Include="..\cjson\lua_cjson.c">
      <Filter>lua_extensions\cjson</Filter>
    </ClCompile>
    <ClCompile Include="..\cjson\strbuf.c">
      <Filter>lua_extensions\cjson</Filter>
    </ClCompile>
    <ClCompile Include="..\zlib\lua_zlib.c">
      <Filter>lua_extensions\zlib</Filter>
    </ClCompile>
    <ClCompile Include="..\socket\auxiliar.c">
      <Filter>lua_extensions\socket</Filter>
    </ClCompile>
    <ClCompile Include="..\socket\except.c">
      <Filter>lua_extensions\socket</Filter>
    </ClCompile>
    <ClCompile Include="..\socket\inet.c">
      <Filter>lua_extensions\socket</Filter>
    </ClCompile>
    <ClCompile Include="..\socket\luasocket.c">
      <Filter>lua_extensions\socket</Filter>
    </ClCompile>
    <ClCompile Include="..\socket\luasocket_buffer.c">
      <Filter>lua_extensions\socket</Filter>
    </ClCompile>
    <ClCompile Include="..\socket\luasocket_io.c">
      <Filter>lua_extensions\socket</Filter>
    </ClCompile>
    <ClCompile Include="..\socket\mime.c">
      <Filter>lua_extensions\socket</Filter>
    </ClCompile>
    <ClCompile Include="..\socket\options.c">
      <Filter>lua_extensions\socket</Filter>
    </ClCompile>
    <ClCompile Include="..\socket\select.c">
      <Filter>lua_extensions\socket</Filter>
    </ClCompile>
    <ClCompile Include="..\socket\socket_scripts.c">
      <Filter>lua_extensions\socket</Filter>
    </ClCompile>
    <ClCompile Include="..\socket\tcp.c">
      <Filter>lua_extensions\socket</Filter>
    </ClCompile>
    <ClCompile Include="..\socket\timeout.c">
      <Filter>lua_extensions\socket</Filter>
    </ClCompile>
    <ClCompile Include="..\socket\udp.c">
      <Filter>lua_extensions\socket</Filter>
    </ClCompile>
    <ClCompile Include="..\socket\wsocket.c">
      <Filter>lua_extensions\socket</Filter>
    </ClCompile>
    <ClCompile Include="..\filesystem\lfs.c">
      <Filter>lua_extensions\filesystem</Filter>
    </ClCompile>
    <ClCompile Include="..\lpack\lpack.c">
      <Filter>lua_extensions\lpack</Filter>
    </ClCompile>
  </ItemGroup>
  <ItemGroup>
    <ClInclude Include="..\lua_extensions.h">
      <Filter>lua_extensions</Filter>
    </ClInclude>
    <ClInclude Include="..\cjson\fpconv.h">
      <Filter>lua_extensions\cjson</Filter>
    </ClInclude>
    <ClInclude Include="..\cjson\lua_cjson.h">
      <Filter>lua_extensions\cjson</Filter>
    </ClInclude>
    <ClInclude Include="..\cjson\strbuf.h">
      <Filter>lua_extensions\cjson</Filter>
    </ClInclude>
    <ClInclude Include="..\zlib\lua_zlib.h">
      <Filter>lua_extensions\zlib</Filter>
    </ClInclude>
    <ClInclude Include="..\socket\auxiliar.h">
      <Filter>lua_extensions\socket</Filter>
    </ClInclude>
    <ClInclude Include="..\socket\except.h">
      <Filter>lua_extensions\socket</Filter>
    </ClInclude>
    <ClInclude Include="..\socket\inet.h">
      <Filter>lua_extensions\socket</Filter>
    </ClInclude>
    <ClInclude Include="..\socket\luasocket.h">
      <Filter>lua_extensions\socket</Filter>
    </ClInclude>
    <ClInclude Include="..\socket\luasocket_buffer.h">
      <Filter>lua_extensions\socket</Filter>
    </ClInclude>
    <ClInclude Include="..\socket\luasocket_io.h">
      <Filter>lua_extensions\socket</Filter>
    </ClInclude>
    <ClInclude Include="..\socket\mime.h">
      <Filter>lua_extensions\socket</Filter>
    </ClInclude>
    <ClInclude Include="..\socket\options.h">
      <Filter>lua_extensions\socket</Filter>
    </ClInclude>
    <ClInclude Include="..\socket\select.h">
      <Filter>lua_extensions\socket</Filter>
    </ClInclude>
    <ClInclude Include="..\socket\socket.h">
      <Filter>lua_extensions\socket</Filter>
    </ClInclude>
    <ClInclude Include="..\socket\socket_scripts.h">
      <Filter>lua_extensions\socket</Filter>
    </ClInclude>
    <ClInclude Include="..\socket\tcp.h">
      <Filter>lua_extensions\socket</Filter>
    </ClInclude>
    <ClInclude Include="..\socket\timeout.h">
      <Filter>lua_extensions\socket</Filter>
    </ClInclude>
    <ClInclude Include="..\socket\udp.h">
      <Filter>lua_extensions\socket</Filter>
    </ClInclude>
    <ClInclude Include="..\socket\wsocket.h">
      <Filter>lua_extensions\socket</Filter>
    </ClInclude>
    <ClInclude Include="..\filesystem\lfs.h">
      <Filter>lua_extensions\filesystem</Filter>
    </ClInclude>
    <ClInclude Include="..\lpack\lpack.h">
      <Filter>lua_extensions\lpack</Filter>
    </ClInclude>
  </ItemGroup>
</Project>