<?xml version="1.0" encoding="utf-8"?>
<Project ToolsVersion="4.0" xmlns="http://schemas.microsoft.com/developer/msbuild/2003">
  <ItemGroup>
    <Filter Include="cocos2dx_extra">
      <UniqueIdentifier>{9fe1b255-a5b4-476a-9538-813f710c2d7f}</UniqueIdentifier>
    </Filter>
    <Filter Include="cocos2dx_extra\extra">
      <UniqueIdentifier>{f0d8fa99-84d7-462b-834d-2b4a53ae4951}</UniqueIdentifier>
    </Filter>
    <Filter Include="cocos2dx_extra\extra\crypto">
      <UniqueIdentifier>{901833bc-57ea-416f-9386-6f0c148fedd1}</UniqueIdentifier>
    </Filter>
    <Filter Include="cocos2dx_extra\extra\crypto\base64">
      <UniqueIdentifier>{829ff0e4-3ce3-4b2c-aef5-44b621c8dda9}</UniqueIdentifier>
    </Filter>
    <Filter Include="cocos2dx_extra\extra\crypto\md5">
      <UniqueIdentifier>{5d979bc6-8223-408c-986e-023770d34e0c}</UniqueIdentifier>
    </Filter>
    <Filter Include="cocos2dx_extra\extra\crypto\sha1">
      <UniqueIdentifier>{d059eea8-4644-4d86-aa24-2f628763f209}</UniqueIdentifier>
    </Filter>
    <Filter Include="cocos2dx_extra\extra\crypto\xxtea">
      <UniqueIdentifier>{a8486a5e-3a52-4cb5-865a-ce06141d394e}</UniqueIdentifier>
    </Filter>
    <Filter Include="cocos2dx_extra\extra\luabinding">
      <UniqueIdentifier>{84ca69f8-d967-4a3b-a6b9-139e59337e80}</UniqueIdentifier>
    </Filter>
    <Filter Include="cocos2dx_extra\extra\native">
      <UniqueIdentifier>{de090984-b6e1-4e2c-89cb-ea97f6c12e1f}</UniqueIdentifier>
    </Filter>
    <Filter Include="cocos2dx_extra\extra\network">
      <UniqueIdentifier>{7531a932-e753-46b1-b8a5-2ac2fb26b686}</UniqueIdentifier>
    </Filter>
    <Filter Include="cocos2dx_extra\extra\platform">
      <UniqueIdentifier>{79046623-3ec8-41b3-b518-3acf1f2acc4c}</UniqueIdentifier>
    </Filter>
    <Filter Include="cocos2dx_extra\extra\platform\win32">
      <UniqueIdentifier>{38beedf8-6a33-4741-ab89-ca5ef57ef2e2}</UniqueIdentifier>
    </Filter>
  </ItemGroup>
  <ItemGroup>
    <ClInclude Include="..\extra\cocos2dx_extra.h">
      <Filter>cocos2dx_extra\extra</Filter>
    </ClInclude>
    <ClInclude Include="..\extra\crypto\CCCrypto.h">
      <Filter>cocos2dx_extra\extra\crypto</Filter>
    </ClInclude>
    <ClInclude Include="..\extra\crypto\base64\libb64.h">
      <Filter>cocos2dx_extra\extra\crypto\base64</Filter>
    </ClInclude>
    <ClInclude Include="..\extra\crypto\md5\md5.h">
      <Filter>cocos2dx_extra\extra\crypto\md5</Filter>
    </ClInclude>
    <ClInclude Include="..\extra\crypto\sha1\sha1.h">
      <Filter>cocos2dx_extra\extra\crypto\sha1</Filter>
    </ClInclude>
    <ClInclude Include="..\extra\crypto\xxtea\xxtea.h">
      <Filter>cocos2dx_extra\extra\crypto\xxtea</Filter>
    </ClInclude>
    <ClInclude Include="..\extra\luabinding\cocos2dx_extra_luabinding.h">
      <Filter>cocos2dx_extra\extra\luabinding</Filter>
    </ClInclude>
    <ClInclude Include="..\extra\native\CCAlertViewDelegate.h">
      <Filter>cocos2dx_extra\extra\native</Filter>
    </ClInclude>
    <ClInclude Include="..\extra\native\CCNative.h">
      <Filter>cocos2dx_extra\extra\native</Filter>
    </ClInclude>
    <ClInclude Include="..\extra\network\CCHTTPRequest.h">
      <Filter>cocos2dx_extra\extra\network</Filter>
    </ClInclude>
    <ClInclude Include="..\extra\network\CCHTTPRequestDelegate.h">
      <Filter>cocos2dx_extra\extra\network</Filter>
    </ClInclude>
    <ClInclude Include="..\extra\network\CCNetwork.h">
      <Filter>cocos2dx_extra\extra\network</Filter>
    </ClInclude>
    <ClInclude Include="..\extra\platform\win32\CCNativeWin32.h">
      <Filter>cocos2dx_extra\extra\platform\win32</Filter>
    </ClInclude>
    <ClInclude Include="..\extra\platform\win32\CCNativeWin32def.h">
      <Filter>cocos2dx_extra\extra\platform\win32</Filter>
    </ClInclude>
  </ItemGroup>
  <ItemGroup>
    <ClCompile Include="..\extra\crypto\CCCrypto.cpp">
      <Filter>cocos2dx_extra\extra\crypto</Filter>
    </ClCompile>
    <ClCompile Include="..\extra\crypto\base64\libb64.c">
      <Filter>cocos2dx_extra\extra\crypto\base64</Filter>
    </ClCompile>
    <ClCompile Include="..\extra\crypto\md5\md5.c">
      <Filter>cocos2dx_extra\extra\crypto\md5</Filter>
    </ClCompile>
    <ClCompile Include="..\extra\crypto\sha1\sha1.cpp">
      <Filter>cocos2dx_extra\extra\crypto\sha1</Filter>
    </ClCompile>
    <ClCompile Include="..\extra\crypto\xxtea\xxtea.c">
      <Filter>cocos2dx_extra\extra\crypto\xxtea</Filter>
    </ClCompile>
    <ClCompile Include="..\extra\luabinding\cocos2dx_extra_luabinding.cpp">
      <Filter>cocos2dx_extra\extra\luabinding</Filter>
    </ClCompile>
    <ClCompile Include="..\extra\network\CCHTTPRequest.cpp">
      <Filter>cocos2dx_extra\extra\network</Filter>
    </ClCompile>
    <ClCompile Include="..\extra\network\CCNetwork.cpp">
      <Filter>cocos2dx_extra\extra\network</Filter>
    </ClCompile>
    <ClCompile Include="..\extra\platform\win32\CCCryptoWin32.cpp">
      <Filter>cocos2dx_extra\extra\platform\win32</Filter>
    </ClCompile>
    <ClCompile Include="..\extra\platform\win32\CCNative.cpp">
      <Filter>cocos2dx_extra\extra\platform\win32</Filter>
    </ClCompile>
    <ClCompile Include="..\extra\platform\win32\CCNativeWin32.cpp">
      <Filter>cocos2dx_extra\extra\platform\win32</Filter>
    </ClCompile>
    <ClCompile Include="..\extra\platform\win32\CCNetworkWin32.cpp">
      <Filter>cocos2dx_extra\extra\platform\win32</Filter>
    </ClCompile>
  </ItemGroup>
</Project>