
Microsoft Visual Studio Solution File, Format Version 12.00
# Visual Studio 2012
Project("{8BC9CEB8-8B4A-11D0-8D11-00A0C91BC942}") = "LuaHostWin32_vs2012", "LuaHostWin32\LuaHostWin32_vs2012.vcxproj", "{0FAE4101-1138-49EA-A08F-EC54CDCE8D76}"
EndProject
Global
	GlobalSection(SolutionConfigurationPlatforms) = preSolution
		Debug|Win32 = Debug|Win32
		Release|Win32 = Release|Win32
	EndGlobalSection
	GlobalSection(ProjectConfigurationPlatforms) = postSolution
		{0FAE4101-1138-49EA-A08F-EC54CDCE8D76}.Debug|Win32.ActiveCfg = Debug|Win32
		{0FAE4101-1138-49EA-A08F-EC54CDCE8D76}.Debug|Win32.Build.0 = Debug|Win32
		{0FAE4101-1138-49EA-A08F-EC54CDCE8D76}.Release|Win32.ActiveCfg = Release|Win32
		{0FAE4101-1138-49EA-A08F-EC54CDCE8D76}.Release|Win32.Build.0 = Release|Win32
	EndGlobalSection
	GlobalSection(SolutionProperties) = preSolution
		HideSolutionNode = FALSE
	EndGlobalSection
EndGlobal
